
Microsoft Visual Studio Solution File, Format Version 12.00
# Visual Studio 15
VisualStudioVersion = 15.0.28010.2016
MinimumVisualStudioVersion = 10.0.40219.1
Project("{FAE04EC0-301F-11D3-BF4B-00C04F79EFBC}") = "RabbitMQ", "RabbitMQ\RabbitMQ.csproj", "{36077B32-77F6-48EF-8AFD-D3FB2C1CFD5A}"
EndProject
Project("{FAE04EC0-301F-11D3-BF4B-00C04F79EFBC}") = "Receive1", "Receive1\Receive1.csproj", "{DF8A0BA1-AD06-4172-91C0-F6F8E1E1A194}"
EndProject
Project("{FAE04EC0-301F-11D3-BF4B-00C04F79EFBC}") = "Receive2", "Receive2\Receive2.csproj", "{B424E2C3-1057-47DC-ADCD-AC5BCCCF8B86}"
EndProject
Project("{FAE04EC0-301F-11D3-BF4B-00C04F79EFBC}") = "FanoutSend", "FanoutSend\FanoutSend.csproj", "{5582D004-C1AB-42FB-846F-103B14B58B45}"
EndProject
Project("{FAE04EC0-301F-11D3-BF4B-00C04F79EFBC}") = "TopicSend", "TopicSend\TopicSend.csproj", "{65BF1737-AEA1-4524-898E-8A268BE1D5EA}"
EndProject
Global
	GlobalSection(SolutionConfigurationPlatforms) = preSolution
		Debug|Any CPU = Debug|Any CPU
		Release|Any CPU = Release|Any CPU
	EndGlobalSection
	GlobalSection(ProjectConfigurationPlatforms) = postSolution
		{36077B32-77F6-48EF-8AFD-D3FB2C1CFD5A}.Debug|Any CPU.ActiveCfg = Debug|Any CPU
		{36077B32-77F6-48EF-8AFD-D3FB2C1CFD5A}.Debug|Any CPU.Build.0 = Debug|Any CPU
		{36077B32-77F6-48EF-8AFD-D3FB2C1CFD5A}.Release|Any CPU.ActiveCfg = Release|Any CPU
		{36077B32-77F6-48EF-8AFD-D3FB2C1CFD5A}.Release|Any CPU.Build.0 = Release|Any CPU
		{DF8A0BA1-AD06-4172-91C0-F6F8E1E1A194}.Debug|Any CPU.ActiveCfg = Debug|Any CPU
		{DF8A0BA1-AD06-4172-91C0-F6F8E1E1A194}.Debug|Any CPU.Build.0 = Debug|Any CPU
		{DF8A0BA1-AD06-4172-91C0-F6F8E1E1A194}.Release|Any CPU.ActiveCfg = Release|Any CPU
		{DF8A0BA1-AD06-4172-91C0-F6F8E1E1A194}.Release|Any CPU.Build.0 = Release|Any CPU
		{B424E2C3-1057-47DC-ADCD-AC5BCCCF8B86}.Debug|Any CPU.ActiveCfg = Debug|Any CPU
		{B424E2C3-1057-47DC-ADCD-AC5BCCCF8B86}.Debug|Any CPU.Build.0 = Debug|Any CPU
		{B424E2C3-1057-47DC-ADCD-AC5BCCCF8B86}.Release|Any CPU.ActiveCfg = Release|Any CPU
		{B424E2C3-1057-47DC-ADCD-AC5BCCCF8B86}.Release|Any CPU.Build.0 = Release|Any CPU
		{5582D004-C1AB-42FB-846F-103B14B58B45}.Debug|Any CPU.ActiveCfg = Debug|Any CPU
		{5582D004-C1AB-42FB-846F-103B14B58B45}.Debug|Any CPU.Build.0 = Debug|Any CPU
		{5582D004-C1AB-42FB-846F-103B14B58B45}.Release|Any CPU.ActiveCfg = Release|Any CPU
		{5582D004-C1AB-42FB-846F-103B14B58B45}.Release|Any CPU.Build.0 = Release|Any CPU
		{65BF1737-AEA1-4524-898E-8A268BE1D5EA}.Debug|Any CPU.ActiveCfg = Debug|Any CPU
		{65BF1737-AEA1-4524-898E-8A268BE1D5EA}.Debug|Any CPU.Build.0 = Debug|Any CPU
		{65BF1737-AEA1-4524-898E-8A268BE1D5EA}.Release|Any CPU.ActiveCfg = Release|Any CPU
		{65BF1737-AEA1-4524-898E-8A268BE1D5EA}.Release|Any CPU.Build.0 = Release|Any CPU
	EndGlobalSection
	GlobalSection(SolutionProperties) = preSolution
		HideSolutionNode = FALSE
	EndGlobalSection
	GlobalSection(ExtensibilityGlobals) = postSolution
		SolutionGuid = {3490E00D-9EA4-4F08-A120-359C70585E6E}
	EndGlobalSection
EndGlobal
